// !$*UTF8*$!
{
	archiveVersion = 1;
	classes = {
	};
	objectVersion = 46;
	objects = {

/* Begin PBXBuildFile section */
		9B0CFC1C16D29A8900A5027A /* FSRampModule.cpp in Sources */ = {isa = PBXBuildFile; fileRef = 9B0CFC1A16D29A8900A5027A /* FSRampModule.cpp */; };
		9B1F6E1016CEDA4B00556320 /* multipatch_fm_test.cpp in Sources */ = {isa = PBXBuildFile; fileRef = 9B1F6E0E16CEDA4B00556320 /* multipatch_fm_test.cpp */; };
		9B1F6E1316CEDBED00556320 /* FSTimedTriggerModule.cpp in Sources */ = {isa = PBXBuildFile; fileRef = 9B1F6E1116CEDBED00556320 /* FSTimedTriggerModule.cpp */; };
		9B1F6E1616CEE45B00556320 /* FSSequenceModule.cpp in Sources */ = {isa = PBXBuildFile; fileRef = 9B1F6E1416CEE45A00556320 /* FSSequenceModule.cpp */; };
		9B1F6E1916CF02DA00556320 /* timed_sequence_example.cpp in Sources */ = {isa = PBXBuildFile; fileRef = 9B1F6E1716CF02DA00556320 /* timed_sequence_example.cpp */; };
		9B23912516CC2650001C49E5 /* main.cpp in Sources */ = {isa = PBXBuildFile; fileRef = 9B23912416CC2650001C49E5 /* main.cpp */; };
		9B23912716CC2650001C49E5 /* Farsounds.1 in CopyFiles */ = {isa = PBXBuildFile; fileRef = 9B23912616CC2650001C49E5 /* Farsounds.1 */; };
		9B83FFC116D17C3200BAA0C2 /* FSSoundFile.cpp in Sources */ = {isa = PBXBuildFile; fileRef = 9B83FFBF16D17C3200BAA0C2 /* FSSoundFile.cpp */; };
		9B83FFC416D180C000BAA0C2 /* FSSoundFileModule.cpp in Sources */ = {isa = PBXBuildFile; fileRef = 9B83FFC216D180C000BAA0C2 /* FSSoundFileModule.cpp */; };
		9B97FA3216CE2E6E00B029F9 /* FSModule.cpp in Sources */ = {isa = PBXBuildFile; fileRef = 9B97FA2816CE2E6E00B029F9 /* FSModule.cpp */; };
		9B97FA3316CE2E6E00B029F9 /* FSModuleInput.cpp in Sources */ = {isa = PBXBuildFile; fileRef = 9B97FA2A16CE2E6E00B029F9 /* FSModuleInput.cpp */; };
		9B97FA3416CE2E6E00B029F9 /* FSModuleOutput.cpp in Sources */ = {isa = PBXBuildFile; fileRef = 9B97FA2C16CE2E6E00B029F9 /* FSModuleOutput.cpp */; };
		9B97FA3516CE2E6E00B029F9 /* FSPatch.cpp in Sources */ = {isa = PBXBuildFile; fileRef = 9B97FA2E16CE2E6E00B029F9 /* FSPatch.cpp */; };
		9B97FA3616CE2E6E00B029F9 /* FSProxy.cpp in Sources */ = {isa = PBXBuildFile; fileRef = 9B97FA3016CE2E6E00B029F9 /* FSProxy.cpp */; };
		9B97FA3A16CE2FAE00B029F9 /* libsndfile.a in Frameworks */ = {isa = PBXBuildFile; fileRef = 9B97FA3916CE2FAE00B029F9 /* libsndfile.a */; };
		9B97FA3E16CE315F00B029F9 /* FSEnvironment.cpp in Sources */ = {isa = PBXBuildFile; fileRef = 9B97FA3C16CE315F00B029F9 /* FSEnvironment.cpp */; };
		9B97FA4116CE31ED00B029F9 /* FSUtils.cpp in Sources */ = {isa = PBXBuildFile; fileRef = 9B97FA3F16CE31ED00B029F9 /* FSUtils.cpp */; };
		9B97FA4416CE34D300B029F9 /* FSPhasor.cpp in Sources */ = {isa = PBXBuildFile; fileRef = 9B97FA4216CE34D300B029F9 /* FSPhasor.cpp */; };
		9B97FA4716CE359B00B029F9 /* FSPhasorModule.cpp in Sources */ = {isa = PBXBuildFile; fileRef = 9B97FA4516CE359B00B029F9 /* FSPhasorModule.cpp */; };
		9B97FA4D16CE3B2500B029F9 /* FSSineModule.cpp in Sources */ = {isa = PBXBuildFile; fileRef = 9B97FA4B16CE3B2500B029F9 /* FSSineModule.cpp */; };
		9B97FA5016CE5A0C00B029F9 /* FSADSREnvelope.cpp in Sources */ = {isa = PBXBuildFile; fileRef = 9B97FA4E16CE5A0C00B029F9 /* FSADSREnvelope.cpp */; };
		9B97FA5316CE608F00B029F9 /* FSScalerModule.cpp in Sources */ = {isa = PBXBuildFile; fileRef = 9B97FA5116CE608F00B029F9 /* FSScalerModule.cpp */; };
		9B97FA5616CE623A00B029F9 /* FSTriggerModule.cpp in Sources */ = {isa = PBXBuildFile; fileRef = 9B97FA5416CE623A00B029F9 /* FSTriggerModule.cpp */; };
		9B97FA5916CE63C300B029F9 /* FSADSREnvelopeModule.cpp in Sources */ = {isa = PBXBuildFile; fileRef = 9B97FA5716CE63C300B029F9 /* FSADSREnvelopeModule.cpp */; };
		9B97FA5C16CE691900B029F9 /* FSSampleAndHoldModule.cpp in Sources */ = {isa = PBXBuildFile; fileRef = 9B97FA5A16CE691900B029F9 /* FSSampleAndHoldModule.cpp */; };
		9B97FA5F16CE6B8800B029F9 /* FSDivisorModule.cpp in Sources */ = {isa = PBXBuildFile; fileRef = 9B97FA5D16CE6B8800B029F9 /* FSDivisorModule.cpp */; };
		9B97FA6216CE6E5200B029F9 /* FSAllpass.cpp in Sources */ = {isa = PBXBuildFile; fileRef = 9B97FA6016CE6E5200B029F9 /* FSAllpass.cpp */; };
		9B97FA6516CE6F1700B029F9 /* FSAllpassModule.cpp in Sources */ = {isa = PBXBuildFile; fileRef = 9B97FA6316CE6F1600B029F9 /* FSAllpassModule.cpp */; };
		9B97FA6816CE79BD00B029F9 /* FSPanningModule.cpp in Sources */ = {isa = PBXBuildFile; fileRef = 9B97FA6616CE79BD00B029F9 /* FSPanningModule.cpp */; };
		9B97FA6B16CE8BD900B029F9 /* FSTriggeredRandomModule.cpp in Sources */ = {isa = PBXBuildFile; fileRef = 9B97FA6916CE8BD800B029F9 /* FSTriggeredRandomModule.cpp */; };
		9BB7570316D5223300323F54 /* FSMoogFilterModule.cpp in Sources */ = {isa = PBXBuildFile; fileRef = 9BB7570116D5223200323F54 /* FSMoogFilterModule.cpp */; };
		9BB7570616D5340A00323F54 /* time_sequence_ramp_example.cpp in Sources */ = {isa = PBXBuildFile; fileRef = 9BB7570416D5340A00323F54 /* time_sequence_ramp_example.cpp */; };
		9BFDE39C16D53E2C00E8D4EF /* FSSpawnFactory.cpp in Sources */ = {isa = PBXBuildFile; fileRef = 9BFDE39A16D53E2C00E8D4EF /* FSSpawnFactory.cpp */; };
		9BFDE39F16D53E4A00E8D4EF /* FSSpawnModule.cpp in Sources */ = {isa = PBXBuildFile; fileRef = 9BFDE39D16D53E4A00E8D4EF /* FSSpawnModule.cpp */; };
		9BFDE3A216D55DE600E8D4EF /* spawnfactory_example1.cpp in Sources */ = {isa = PBXBuildFile; fileRef = 9BFDE3A016D55DE600E8D4EF /* spawnfactory_example1.cpp */; };
/* End PBXBuildFile section */

/* Begin PBXCopyFilesBuildPhase section */
		9B23911F16CC2650001C49E5 /* CopyFiles */ = {
			isa = PBXCopyFilesBuildPhase;
			buildActionMask = 2147483647;
			dstPath = /usr/share/man/man1/;
			dstSubfolderSpec = 0;
			files = (
				9B23912716CC2650001C49E5 /* Farsounds.1 in CopyFiles */,
			);
			runOnlyForDeploymentPostprocessing = 1;
		};
/* End PBXCopyFilesBuildPhase section */

/* Begin PBXFileReference section */
		9B0CFC1A16D29A8900A5027A /* FSRampModule.cpp */ = {isa = PBXFileReference; fileEncoding = 4; lastKnownFileType = sourcecode.cpp.cpp; path = FSRampModule.cpp; sourceTree = "<group>"; };
		9B0CFC1B16D29A8900A5027A /* FSRampModule.h */ = {isa = PBXFileReference; fileEncoding = 4; lastKnownFileType = sourcecode.c.h; path = FSRampModule.h; sourceTree = "<group>"; };
		9B1F6E0E16CEDA4B00556320 /* multipatch_fm_test.cpp */ = {isa = PBXFileReference; fileEncoding = 4; lastKnownFileType = sourcecode.cpp.cpp; path = multipatch_fm_test.cpp; sourceTree = "<group>"; };
		9B1F6E0F16CEDA4B00556320 /* multipatch_fm_test.h */ = {isa = PBXFileReference; fileEncoding = 4; lastKnownFileType = sourcecode.c.h; path = multipatch_fm_test.h; sourceTree = "<group>"; };
		9B1F6E1116CEDBED00556320 /* FSTimedTriggerModule.cpp */ = {isa = PBXFileReference; fileEncoding = 4; lastKnownFileType = sourcecode.cpp.cpp; path = FSTimedTriggerModule.cpp; sourceTree = "<group>"; };
		9B1F6E1216CEDBED00556320 /* FSTimedTriggerModule.h */ = {isa = PBXFileReference; fileEncoding = 4; lastKnownFileType = sourcecode.c.h; path = FSTimedTriggerModule.h; sourceTree = "<group>"; };
		9B1F6E1416CEE45A00556320 /* FSSequenceModule.cpp */ = {isa = PBXFileReference; fileEncoding = 4; lastKnownFileType = sourcecode.cpp.cpp; path = FSSequenceModule.cpp; sourceTree = "<group>"; };
		9B1F6E1516CEE45A00556320 /* FSSequenceModule.h */ = {isa = PBXFileReference; fileEncoding = 4; lastKnownFileType = sourcecode.c.h; path = FSSequenceModule.h; sourceTree = "<group>"; };
		9B1F6E1716CF02DA00556320 /* timed_sequence_example.cpp */ = {isa = PBXFileReference; fileEncoding = 4; lastKnownFileType = sourcecode.cpp.cpp; path = timed_sequence_example.cpp; sourceTree = "<group>"; };
		9B1F6E1816CF02DA00556320 /* timed_sequence_example.h */ = {isa = PBXFileReference; fileEncoding = 4; lastKnownFileType = sourcecode.c.h; path = timed_sequence_example.h; sourceTree = "<group>"; };
		9B23912116CC2650001C49E5 /* Farsounds */ = {isa = PBXFileReference; explicitFileType = "compiled.mach-o.executable"; includeInIndex = 0; path = Farsounds; sourceTree = BUILT_PRODUCTS_DIR; };
		9B23912416CC2650001C49E5 /* main.cpp */ = {isa = PBXFileReference; lastKnownFileType = sourcecode.cpp.cpp; path = main.cpp; sourceTree = "<group>"; };
		9B23912616CC2650001C49E5 /* Farsounds.1 */ = {isa = PBXFileReference; lastKnownFileType = text.man; path = Farsounds.1; sourceTree = "<group>"; };
		9B83FFBF16D17C3200BAA0C2 /* FSSoundFile.cpp */ = {isa = PBXFileReference; fileEncoding = 4; lastKnownFileType = sourcecode.cpp.cpp; path = FSSoundFile.cpp; sourceTree = "<group>"; };
		9B83FFC016D17C3200BAA0C2 /* FSSoundFile.h */ = {isa = PBXFileReference; fileEncoding = 4; lastKnownFileType = sourcecode.c.h; path = FSSoundFile.h; sourceTree = "<group>"; };
		9B83FFC216D180C000BAA0C2 /* FSSoundFileModule.cpp */ = {isa = PBXFileReference; fileEncoding = 4; lastKnownFileType = sourcecode.cpp.cpp; path = FSSoundFileModule.cpp; sourceTree = "<group>"; };
		9B83FFC316D180C000BAA0C2 /* FSSoundFileModule.h */ = {isa = PBXFileReference; fileEncoding = 4; lastKnownFileType = sourcecode.c.h; path = FSSoundFileModule.h; sourceTree = "<group>"; };
		9B97FA2816CE2E6E00B029F9 /* FSModule.cpp */ = {isa = PBXFileReference; fileEncoding = 4; lastKnownFileType = sourcecode.cpp.cpp; path = FSModule.cpp; sourceTree = "<group>"; };
		9B97FA2916CE2E6E00B029F9 /* FSModule.h */ = {isa = PBXFileReference; fileEncoding = 4; lastKnownFileType = sourcecode.c.h; path = FSModule.h; sourceTree = "<group>"; };
		9B97FA2A16CE2E6E00B029F9 /* FSModuleInput.cpp */ = {isa = PBXFileReference; fileEncoding = 4; lastKnownFileType = sourcecode.cpp.cpp; path = FSModuleInput.cpp; sourceTree = "<group>"; };
		9B97FA2B16CE2E6E00B029F9 /* FSModuleInput.h */ = {isa = PBXFileReference; fileEncoding = 4; lastKnownFileType = sourcecode.c.h; path = FSModuleInput.h; sourceTree = "<group>"; };
		9B97FA2C16CE2E6E00B029F9 /* FSModuleOutput.cpp */ = {isa = PBXFileReference; fileEncoding = 4; lastKnownFileType = sourcecode.cpp.cpp; path = FSModuleOutput.cpp; sourceTree = "<group>"; };
		9B97FA2D16CE2E6E00B029F9 /* FSModuleOutput.h */ = {isa = PBXFileReference; fileEncoding = 4; lastKnownFileType = sourcecode.c.h; path = FSModuleOutput.h; sourceTree = "<group>"; };
		9B97FA2E16CE2E6E00B029F9 /* FSPatch.cpp */ = {isa = PBXFileReference; fileEncoding = 4; lastKnownFileType = sourcecode.cpp.cpp; path = FSPatch.cpp; sourceTree = "<group>"; };
		9B97FA2F16CE2E6E00B029F9 /* FSPatch.h */ = {isa = PBXFileReference; fileEncoding = 4; lastKnownFileType = sourcecode.c.h; path = FSPatch.h; sourceTree = "<group>"; };
		9B97FA3016CE2E6E00B029F9 /* FSProxy.cpp */ = {isa = PBXFileReference; fileEncoding = 4; lastKnownFileType = sourcecode.cpp.cpp; path = FSProxy.cpp; sourceTree = "<group>"; };
		9B97FA3116CE2E6E00B029F9 /* FSProxy.h */ = {isa = PBXFileReference; fileEncoding = 4; lastKnownFileType = sourcecode.c.h; path = FSProxy.h; sourceTree = "<group>"; };
		9B97FA3916CE2FAE00B029F9 /* libsndfile.a */ = {isa = PBXFileReference; lastKnownFileType = archive.ar; name = libsndfile.a; path = ../../../../../../../usr/local/lib/libsndfile.a; sourceTree = "<group>"; };
		9B97FA3C16CE315F00B029F9 /* FSEnvironment.cpp */ = {isa = PBXFileReference; fileEncoding = 4; lastKnownFileType = sourcecode.cpp.cpp; path = FSEnvironment.cpp; sourceTree = "<group>"; };
		9B97FA3D16CE315F00B029F9 /* FSEnvironment.h */ = {isa = PBXFileReference; fileEncoding = 4; lastKnownFileType = sourcecode.c.h; path = FSEnvironment.h; sourceTree = "<group>"; };
		9B97FA3F16CE31ED00B029F9 /* FSUtils.cpp */ = {isa = PBXFileReference; fileEncoding = 4; lastKnownFileType = sourcecode.cpp.cpp; path = FSUtils.cpp; sourceTree = "<group>"; };
		9B97FA4016CE31ED00B029F9 /* FSUtils.h */ = {isa = PBXFileReference; fileEncoding = 4; lastKnownFileType = sourcecode.c.h; path = FSUtils.h; sourceTree = "<group>"; };
		9B97FA4216CE34D300B029F9 /* FSPhasor.cpp */ = {isa = PBXFileReference; fileEncoding = 4; lastKnownFileType = sourcecode.cpp.cpp; path = FSPhasor.cpp; sourceTree = "<group>"; };
		9B97FA4316CE34D300B029F9 /* FSPhasor.h */ = {isa = PBXFileReference; fileEncoding = 4; lastKnownFileType = sourcecode.c.h; path = FSPhasor.h; sourceTree = "<group>"; };
		9B97FA4516CE359B00B029F9 /* FSPhasorModule.cpp */ = {isa = PBXFileReference; fileEncoding = 4; lastKnownFileType = sourcecode.cpp.cpp; path = FSPhasorModule.cpp; sourceTree = "<group>"; };
		9B97FA4616CE359B00B029F9 /* FSPhasorModule.h */ = {isa = PBXFileReference; fileEncoding = 4; lastKnownFileType = sourcecode.c.h; path = FSPhasorModule.h; sourceTree = "<group>"; };
		9B97FA4B16CE3B2500B029F9 /* FSSineModule.cpp */ = {isa = PBXFileReference; fileEncoding = 4; lastKnownFileType = sourcecode.cpp.cpp; path = FSSineModule.cpp; sourceTree = "<group>"; };
		9B97FA4C16CE3B2500B029F9 /* FSSineModule.h */ = {isa = PBXFileReference; fileEncoding = 4; lastKnownFileType = sourcecode.c.h; path = FSSineModule.h; sourceTree = "<group>"; };
		9B97FA4E16CE5A0C00B029F9 /* FSADSREnvelope.cpp */ = {isa = PBXFileReference; fileEncoding = 4; lastKnownFileType = sourcecode.cpp.cpp; path = FSADSREnvelope.cpp; sourceTree = "<group>"; };
		9B97FA4F16CE5A0C00B029F9 /* FSADSREnvelope.h */ = {isa = PBXFileReference; fileEncoding = 4; lastKnownFileType = sourcecode.c.h; path = FSADSREnvelope.h; sourceTree = "<group>"; };
		9B97FA5116CE608F00B029F9 /* FSScalerModule.cpp */ = {isa = PBXFileReference; fileEncoding = 4; lastKnownFileType = sourcecode.cpp.cpp; path = FSScalerModule.cpp; sourceTree = "<group>"; };
		9B97FA5216CE608F00B029F9 /* FSScalerModule.h */ = {isa = PBXFileReference; fileEncoding = 4; lastKnownFileType = sourcecode.c.h; path = FSScalerModule.h; sourceTree = "<group>"; };
		9B97FA5416CE623A00B029F9 /* FSTriggerModule.cpp */ = {isa = PBXFileReference; fileEncoding = 4; lastKnownFileType = sourcecode.cpp.cpp; path = FSTriggerModule.cpp; sourceTree = "<group>"; };
		9B97FA5516CE623A00B029F9 /* FSTriggerModule.h */ = {isa = PBXFileReference; fileEncoding = 4; lastKnownFileType = sourcecode.c.h; path = FSTriggerModule.h; sourceTree = "<group>"; };
		9B97FA5716CE63C300B029F9 /* FSADSREnvelopeModule.cpp */ = {isa = PBXFileReference; fileEncoding = 4; lastKnownFileType = sourcecode.cpp.cpp; path = FSADSREnvelopeModule.cpp; sourceTree = "<group>"; };
		9B97FA5816CE63C300B029F9 /* FSADSREnvelopeModule.h */ = {isa = PBXFileReference; fileEncoding = 4; lastKnownFileType = sourcecode.c.h; path = FSADSREnvelopeModule.h; sourceTree = "<group>"; };
		9B97FA5A16CE691900B029F9 /* FSSampleAndHoldModule.cpp */ = {isa = PBXFileReference; fileEncoding = 4; lastKnownFileType = sourcecode.cpp.cpp; path = FSSampleAndHoldModule.cpp; sourceTree = "<group>"; };
		9B97FA5B16CE691900B029F9 /* FSSampleAndHoldModule.h */ = {isa = PBXFileReference; fileEncoding = 4; lastKnownFileType = sourcecode.c.h; path = FSSampleAndHoldModule.h; sourceTree = "<group>"; };
		9B97FA5D16CE6B8800B029F9 /* FSDivisorModule.cpp */ = {isa = PBXFileReference; fileEncoding = 4; lastKnownFileType = sourcecode.cpp.cpp; path = FSDivisorModule.cpp; sourceTree = "<group>"; };
		9B97FA5E16CE6B8800B029F9 /* FSDivisorModule.h */ = {isa = PBXFileReference; fileEncoding = 4; lastKnownFileType = sourcecode.c.h; path = FSDivisorModule.h; sourceTree = "<group>"; };
		9B97FA6016CE6E5200B029F9 /* FSAllpass.cpp */ = {isa = PBXFileReference; fileEncoding = 4; lastKnownFileType = sourcecode.cpp.cpp; path = FSAllpass.cpp; sourceTree = "<group>"; };
		9B97FA6116CE6E5200B029F9 /* FSAllpass.h */ = {isa = PBXFileReference; fileEncoding = 4; lastKnownFileType = sourcecode.c.h; path = FSAllpass.h; sourceTree = "<group>"; };
		9B97FA6316CE6F1600B029F9 /* FSAllpassModule.cpp */ = {isa = PBXFileReference; fileEncoding = 4; lastKnownFileType = sourcecode.cpp.cpp; path = FSAllpassModule.cpp; sourceTree = "<group>"; };
		9B97FA6416CE6F1700B029F9 /* FSAllpassModule.h */ = {isa = PBXFileReference; fileEncoding = 4; lastKnownFileType = sourcecode.c.h; path = FSAllpassModule.h; sourceTree = "<group>"; };
		9B97FA6616CE79BD00B029F9 /* FSPanningModule.cpp */ = {isa = PBXFileReference; fileEncoding = 4; lastKnownFileType = sourcecode.cpp.cpp; path = FSPanningModule.cpp; sourceTree = "<group>"; };
		9B97FA6716CE79BD00B029F9 /* FSPanningModule.h */ = {isa = PBXFileReference; fileEncoding = 4; lastKnownFileType = sourcecode.c.h; path = FSPanningModule.h; sourceTree = "<group>"; };
		9B97FA6916CE8BD800B029F9 /* FSTriggeredRandomModule.cpp */ = {isa = PBXFileReference; fileEncoding = 4; lastKnownFileType = sourcecode.cpp.cpp; path = FSTriggeredRandomModule.cpp; sourceTree = "<group>"; };
		9B97FA6A16CE8BD800B029F9 /* FSTriggeredRandomModule.h */ = {isa = PBXFileReference; fileEncoding = 4; lastKnownFileType = sourcecode.c.h; path = FSTriggeredRandomModule.h; sourceTree = "<group>"; };
		9BB756FA16D4434B00323F54 /* notes */ = {isa = PBXFileReference; fileEncoding = 4; lastKnownFileType = text; path = notes; sourceTree = "<group>"; };
		9BB7570116D5223200323F54 /* FSMoogFilterModule.cpp */ = {isa = PBXFileReference; fileEncoding = 4; lastKnownFileType = sourcecode.cpp.cpp; path = FSMoogFilterModule.cpp; sourceTree = "<group>"; };
		9BB7570216D5223200323F54 /* FSMoogFilterModule.h */ = {isa = PBXFileReference; fileEncoding = 4; lastKnownFileType = sourcecode.c.h; path = FSMoogFilterModule.h; sourceTree = "<group>"; };
		9BB7570416D5340A00323F54 /* time_sequence_ramp_example.cpp */ = {isa = PBXFileReference; fileEncoding = 4; lastKnownFileType = sourcecode.cpp.cpp; path = time_sequence_ramp_example.cpp; sourceTree = "<group>"; };
		9BB7570516D5340A00323F54 /* time_sequence_ramp_example.h */ = {isa = PBXFileReference; fileEncoding = 4; lastKnownFileType = sourcecode.c.h; path = time_sequence_ramp_example.h; sourceTree = "<group>"; };
		9BFDE39A16D53E2C00E8D4EF /* FSSpawnFactory.cpp */ = {isa = PBXFileReference; fileEncoding = 4; lastKnownFileType = sourcecode.cpp.cpp; path = FSSpawnFactory.cpp; sourceTree = "<group>"; };
		9BFDE39B16D53E2C00E8D4EF /* FSSpawnFactory.h */ = {isa = PBXFileReference; fileEncoding = 4; lastKnownFileType = sourcecode.c.h; path = FSSpawnFactory.h; sourceTree = "<group>"; };
		9BFDE39D16D53E4A00E8D4EF /* FSSpawnModule.cpp */ = {isa = PBXFileReference; fileEncoding = 4; lastKnownFileType = sourcecode.cpp.cpp; path = FSSpawnModule.cpp; sourceTree = "<group>"; };
		9BFDE39E16D53E4A00E8D4EF /* FSSpawnModule.h */ = {isa = PBXFileReference; fileEncoding = 4; lastKnownFileType = sourcecode.c.h; path = FSSpawnModule.h; sourceTree = "<group>"; };
		9BFDE3A016D55DE600E8D4EF /* spawnfactory_example1.cpp */ = {isa = PBXFileReference; fileEncoding = 4; lastKnownFileType = sourcecode.cpp.cpp; path = spawnfactory_example1.cpp; sourceTree = "<group>"; };
		9BFDE3A116D55DE600E8D4EF /* spawnfactory_example1.h */ = {isa = PBXFileReference; fileEncoding = 4; lastKnownFileType = sourcecode.c.h; path = spawnfactory_example1.h; sourceTree = "<group>"; };
/* End PBXFileReference section */

/* Begin PBXFrameworksBuildPhase section */
		9B23911E16CC2650001C49E5 /* Frameworks */ = {
			isa = PBXFrameworksBuildPhase;
			buildActionMask = 2147483647;
			files = (
				9B97FA3A16CE2FAE00B029F9 /* libsndfile.a in Frameworks */,
			);
			runOnlyForDeploymentPostprocessing = 0;
		};
/* End PBXFrameworksBuildPhase section */

/* Begin PBXGroup section */
		9B1F6E0D16CED9D400556320 /* Patches */ = {
			isa = PBXGroup;
			children = (
				9B1F6E0F16CEDA4B00556320 /* multipatch_fm_test.h */,
				9B1F6E0E16CEDA4B00556320 /* multipatch_fm_test.cpp */,
				9B1F6E1816CF02DA00556320 /* timed_sequence_example.h */,
				9B1F6E1716CF02DA00556320 /* timed_sequence_example.cpp */,
				9BB7570516D5340A00323F54 /* time_sequence_ramp_example.h */,
				9BB7570416D5340A00323F54 /* time_sequence_ramp_example.cpp */,
				9BFDE3A116D55DE600E8D4EF /* spawnfactory_example1.h */,
				9BFDE3A016D55DE600E8D4EF /* spawnfactory_example1.cpp */,
			);
			path = Patches;
			sourceTree = "<group>";
		};
		9B23911816CC2650001C49E5 = {
			isa = PBXGroup;
			children = (
				9B23912316CC2650001C49E5 /* Farsounds */,
				9B23912216CC2650001C49E5 /* Products */,
			);
			sourceTree = "<group>";
		};
		9B23912216CC2650001C49E5 /* Products */ = {
			isa = PBXGroup;
			children = (
				9B23912116CC2650001C49E5 /* Farsounds */,
			);
			name = Products;
			sourceTree = "<group>";
		};
		9B23912316CC2650001C49E5 /* Farsounds */ = {
			isa = PBXGroup;
			children = (
				9B1F6E0D16CED9D400556320 /* Patches */,
				9B97FA3B16CE312500B029F9 /* Utils */,
				9B97FA3816CE2F7000B029F9 /* Libs */,
				9B97FA3716CE2F1800B029F9 /* Modules */,
				9B97FA2716CE2DD900B029F9 /* Core */,
				9B23912416CC2650001C49E5 /* main.cpp */,
				9B23912616CC2650001C49E5 /* Farsounds.1 */,
				9BB756FA16D4434B00323F54 /* notes */,
			);
			path = Farsounds;
			sourceTree = "<group>";
		};
		9B97FA2716CE2DD900B029F9 /* Core */ = {
			isa = PBXGroup;
			children = (
				9B97FA2916CE2E6E00B029F9 /* FSModule.h */,
				9B97FA2816CE2E6E00B029F9 /* FSModule.cpp */,
				9B97FA2B16CE2E6E00B029F9 /* FSModuleInput.h */,
				9B97FA2A16CE2E6E00B029F9 /* FSModuleInput.cpp */,
				9B97FA2D16CE2E6E00B029F9 /* FSModuleOutput.h */,
				9B97FA2C16CE2E6E00B029F9 /* FSModuleOutput.cpp */,
				9B97FA2F16CE2E6E00B029F9 /* FSPatch.h */,
				9B97FA2E16CE2E6E00B029F9 /* FSPatch.cpp */,
				9B97FA3116CE2E6E00B029F9 /* FSProxy.h */,
				9B97FA3016CE2E6E00B029F9 /* FSProxy.cpp */,
				9B97FA3D16CE315F00B029F9 /* FSEnvironment.h */,
				9B97FA3C16CE315F00B029F9 /* FSEnvironment.cpp */,
				9BFDE39B16D53E2C00E8D4EF /* FSSpawnFactory.h */,
				9BFDE39A16D53E2C00E8D4EF /* FSSpawnFactory.cpp */,
				9BFDE39E16D53E4A00E8D4EF /* FSSpawnModule.h */,
				9BFDE39D16D53E4A00E8D4EF /* FSSpawnModule.cpp */,
			);
			path = Core;
			sourceTree = "<group>";
		};
		9B97FA3716CE2F1800B029F9 /* Modules */ = {
			isa = PBXGroup;
			children = (
				9B97FA4616CE359B00B029F9 /* FSPhasorModule.h */,
				9B97FA4516CE359B00B029F9 /* FSPhasorModule.cpp */,
				9B97FA4C16CE3B2500B029F9 /* FSSineModule.h */,
				9B97FA4B16CE3B2500B029F9 /* FSSineModule.cpp */,
				9B97FA5216CE608F00B029F9 /* FSScalerModule.h */,
				9B97FA5116CE608F00B029F9 /* FSScalerModule.cpp */,
				9B97FA5516CE623A00B029F9 /* FSTriggerModule.h */,
				9B97FA5416CE623A00B029F9 /* FSTriggerModule.cpp */,
				9B97FA5816CE63C300B029F9 /* FSADSREnvelopeModule.h */,
				9B97FA5716CE63C300B029F9 /* FSADSREnvelopeModule.cpp */,
				9B97FA5B16CE691900B029F9 /* FSSampleAndHoldModule.h */,
				9B97FA5A16CE691900B029F9 /* FSSampleAndHoldModule.cpp */,
				9B97FA5E16CE6B8800B029F9 /* FSDivisorModule.h */,
				9B97FA5D16CE6B8800B029F9 /* FSDivisorModule.cpp */,
				9B97FA6416CE6F1700B029F9 /* FSAllpassModule.h */,
				9B97FA6316CE6F1600B029F9 /* FSAllpassModule.cpp */,
				9B97FA6716CE79BD00B029F9 /* FSPanningModule.h */,
				9B97FA6616CE79BD00B029F9 /* FSPanningModule.cpp */,
				9B97FA6A16CE8BD800B029F9 /* FSTriggeredRandomModule.h */,
				9B97FA6916CE8BD800B029F9 /* FSTriggeredRandomModule.cpp */,
				9B1F6E1216CEDBED00556320 /* FSTimedTriggerModule.h */,
				9B1F6E1116CEDBED00556320 /* FSTimedTriggerModule.cpp */,
				9B1F6E1516CEE45A00556320 /* FSSequenceModule.h */,
				9B1F6E1416CEE45A00556320 /* FSSequenceModule.cpp */,
				9B0CFC1B16D29A8900A5027A /* FSRampModule.h */,
				9B0CFC1A16D29A8900A5027A /* FSRampModule.cpp */,
				9B83FFC316D180C000BAA0C2 /* FSSoundFileModule.h */,
				9B83FFC216D180C000BAA0C2 /* FSSoundFileModule.cpp */,
				9BB7570216D5223200323F54 /* FSMoogFilterModule.h */,
				9BB7570116D5223200323F54 /* FSMoogFilterModule.cpp */,
			);
			path = Modules;
			sourceTree = "<group>";
		};
		9B97FA3816CE2F7000B029F9 /* Libs */ = {
			isa = PBXGroup;
			children = (
				9B97FA3916CE2FAE00B029F9 /* libsndfile.a */,
			);
			name = Libs;
			sourceTree = "<group>";
		};
		9B97FA3B16CE312500B029F9 /* Utils */ = {
			isa = PBXGroup;
			children = (
				9B97FA4016CE31ED00B029F9 /* FSUtils.h */,
				9B97FA3F16CE31ED00B029F9 /* FSUtils.cpp */,
				9B97FA4316CE34D300B029F9 /* FSPhasor.h */,
				9B97FA4216CE34D300B029F9 /* FSPhasor.cpp */,
				9B97FA4F16CE5A0C00B029F9 /* FSADSREnvelope.h */,
				9B97FA4E16CE5A0C00B029F9 /* FSADSREnvelope.cpp */,
				9B97FA6116CE6E5200B029F9 /* FSAllpass.h */,
				9B97FA6016CE6E5200B029F9 /* FSAllpass.cpp */,
				9B83FFC016D17C3200BAA0C2 /* FSSoundFile.h */,
				9B83FFBF16D17C3200BAA0C2 /* FSSoundFile.cpp */,
			);
			path = Utils;
			sourceTree = "<group>";
		};
/* End PBXGroup section */

/* Begin PBXNativeTarget section */
		9B23912016CC2650001C49E5 /* Farsounds */ = {
			isa = PBXNativeTarget;
			buildConfigurationList = 9B23912A16CC2650001C49E5 /* Build configuration list for PBXNativeTarget "Farsounds" */;
			buildPhases = (
				9B23911D16CC2650001C49E5 /* Sources */,
				9B23911E16CC2650001C49E5 /* Frameworks */,
				9B23911F16CC2650001C49E5 /* CopyFiles */,
			);
			buildRules = (
			);
			dependencies = (
			);
			name = Farsounds;
			productName = Farsounds;
			productReference = 9B23912116CC2650001C49E5 /* Farsounds */;
			productType = "com.apple.product-type.tool";
		};
/* End PBXNativeTarget section */

/* Begin PBXProject section */
		9B23911916CC2650001C49E5 /* Project object */ = {
			isa = PBXProject;
			attributes = {
				LastUpgradeCheck = 0460;
				ORGANIZATIONNAME = Farcoding;
			};
			buildConfigurationList = 9B23911C16CC2650001C49E5 /* Build configuration list for PBXProject "Farsounds" */;
			compatibilityVersion = "Xcode 3.2";
			developmentRegion = English;
			hasScannedForEncodings = 0;
			knownRegions = (
				en,
			);
			mainGroup = 9B23911816CC2650001C49E5;
			productRefGroup = 9B23912216CC2650001C49E5 /* Products */;
			projectDirPath = "";
			projectRoot = "";
			targets = (
				9B23912016CC2650001C49E5 /* Farsounds */,
			);
		};
/* End PBXProject section */

/* Begin PBXSourcesBuildPhase section */
		9B23911D16CC2650001C49E5 /* Sources */ = {
			isa = PBXSourcesBuildPhase;
			buildActionMask = 2147483647;
			files = (
				9B23912516CC2650001C49E5 /* main.cpp in Sources */,
				9B97FA3216CE2E6E00B029F9 /* FSModule.cpp in Sources */,
				9B97FA3316CE2E6E00B029F9 /* FSModuleInput.cpp in Sources */,
				9B97FA3416CE2E6E00B029F9 /* FSModuleOutput.cpp in Sources */,
				9B97FA3516CE2E6E00B029F9 /* FSPatch.cpp in Sources */,
				9B97FA3616CE2E6E00B029F9 /* FSProxy.cpp in Sources */,
				9B97FA3E16CE315F00B029F9 /* FSEnvironment.cpp in Sources */,
				9B97FA4116CE31ED00B029F9 /* FSUtils.cpp in Sources */,
				9B97FA4416CE34D300B029F9 /* FSPhasor.cpp in Sources */,
				9B97FA4716CE359B00B029F9 /* FSPhasorModule.cpp in Sources */,
				9B97FA4D16CE3B2500B029F9 /* FSSineModule.cpp in Sources */,
				9B97FA5016CE5A0C00B029F9 /* FSADSREnvelope.cpp in Sources */,
				9B97FA5316CE608F00B029F9 /* FSScalerModule.cpp in Sources */,
				9B97FA5616CE623A00B029F9 /* FSTriggerModule.cpp in Sources */,
				9B97FA5916CE63C300B029F9 /* FSADSREnvelopeModule.cpp in Sources */,
				9B97FA5C16CE691900B029F9 /* FSSampleAndHoldModule.cpp in Sources */,
				9B97FA5F16CE6B8800B029F9 /* FSDivisorModule.cpp in Sources */,
				9B97FA6216CE6E5200B029F9 /* FSAllpass.cpp in Sources */,
				9B97FA6516CE6F1700B029F9 /* FSAllpassModule.cpp in Sources */,
				9B97FA6816CE79BD00B029F9 /* FSPanningModule.cpp in Sources */,
				9B97FA6B16CE8BD900B029F9 /* FSTriggeredRandomModule.cpp in Sources */,
				9B1F6E1016CEDA4B00556320 /* multipatch_fm_test.cpp in Sources */,
				9B1F6E1316CEDBED00556320 /* FSTimedTriggerModule.cpp in Sources */,
				9B1F6E1616CEE45B00556320 /* FSSequenceModule.cpp in Sources */,
				9B1F6E1916CF02DA00556320 /* timed_sequence_example.cpp in Sources */,
				9B83FFC116D17C3200BAA0C2 /* FSSoundFile.cpp in Sources */,
				9B83FFC416D180C000BAA0C2 /* FSSoundFileModule.cpp in Sources */,
				9B0CFC1C16D29A8900A5027A /* FSRampModule.cpp in Sources */,
				9BB7570316D5223300323F54 /* FSMoogFilterModule.cpp in Sources */,
				9BB7570616D5340A00323F54 /* time_sequence_ramp_example.cpp in Sources */,
				9BFDE39C16D53E2C00E8D4EF /* FSSpawnFactory.cpp in Sources */,
				9BFDE39F16D53E4A00E8D4EF /* FSSpawnModule.cpp in Sources */,
				9BFDE3A216D55DE600E8D4EF /* spawnfactory_example1.cpp in Sources */,
			);
			runOnlyForDeploymentPostprocessing = 0;
		};
/* End PBXSourcesBuildPhase section */

/* Begin XCBuildConfiguration section */
		9B23912816CC2650001C49E5 /* Debug */ = {
			isa = XCBuildConfiguration;
			buildSettings = {
				ALWAYS_SEARCH_USER_PATHS = NO;
				ARCHS = "$(ARCHS_STANDARD_64_BIT)";
				CLANG_CXX_LANGUAGE_STANDARD = "gnu++0x";
				CLANG_CXX_LIBRARY = "libc++";
				CLANG_WARN_CONSTANT_CONVERSION = YES;
				CLANG_WARN_EMPTY_BODY = YES;
				CLANG_WARN_ENUM_CONVERSION = YES;
				CLANG_WARN_INT_CONVERSION = YES;
				CLANG_WARN__DUPLICATE_METHOD_MATCH = YES;
				COPY_PHASE_STRIP = NO;
				GCC_C_LANGUAGE_STANDARD = gnu99;
				GCC_DYNAMIC_NO_PIC = NO;
				GCC_ENABLE_OBJC_EXCEPTIONS = YES;
				GCC_OPTIMIZATION_LEVEL = 0;
				GCC_PREPROCESSOR_DEFINITIONS = (
					"DEBUG=1",
					"$(inherited)",
				);
				GCC_SYMBOLS_PRIVATE_EXTERN = NO;
				GCC_WARN_64_TO_32_BIT_CONVERSION = YES;
				GCC_WARN_ABOUT_RETURN_TYPE = YES;
				GCC_WARN_UNINITIALIZED_AUTOS = YES;
				GCC_WARN_UNUSED_VARIABLE = YES;
				MACOSX_DEPLOYMENT_TARGET = 10.8;
				ONLY_ACTIVE_ARCH = YES;
				SDKROOT = macosx;
			};
			name = Debug;
		};
		9B23912916CC2650001C49E5 /* Release */ = {
			isa = XCBuildConfiguration;
			buildSettings = {
				ALWAYS_SEARCH_USER_PATHS = NO;
				ARCHS = "$(ARCHS_STANDARD_64_BIT)";
				CLANG_CXX_LANGUAGE_STANDARD = "gnu++0x";
				CLANG_CXX_LIBRARY = "libc++";
				CLANG_WARN_CONSTANT_CONVERSION = YES;
				CLANG_WARN_EMPTY_BODY = YES;
				CLANG_WARN_ENUM_CONVERSION = YES;
				CLANG_WARN_INT_CONVERSION = YES;
				CLANG_WARN__DUPLICATE_METHOD_MATCH = YES;
				COPY_PHASE_STRIP = YES;
				DEBUG_INFORMATION_FORMAT = "dwarf-with-dsym";
				GCC_C_LANGUAGE_STANDARD = gnu99;
				GCC_ENABLE_OBJC_EXCEPTIONS = YES;
				GCC_WARN_64_TO_32_BIT_CONVERSION = YES;
				GCC_WARN_ABOUT_RETURN_TYPE = YES;
				GCC_WARN_UNINITIALIZED_AUTOS = YES;
				GCC_WARN_UNUSED_VARIABLE = YES;
				MACOSX_DEPLOYMENT_TARGET = 10.8;
				SDKROOT = macosx;
			};
			name = Release;
		};
		9B23912B16CC2650001C49E5 /* Debug */ = {
			isa = XCBuildConfiguration;
			buildSettings = {
				HEADER_SEARCH_PATHS = /usr/local/include;
				LIBRARY_SEARCH_PATHS = /usr/local/lib;
				PRODUCT_NAME = "$(TARGET_NAME)";
			};
			name = Debug;
		};
		9B23912C16CC2650001C49E5 /* Release */ = {
			isa = XCBuildConfiguration;
			buildSettings = {
				HEADER_SEARCH_PATHS = /usr/local/include;
				LIBRARY_SEARCH_PATHS = /usr/local/lib;
				PRODUCT_NAME = "$(TARGET_NAME)";
			};
			name = Release;
		};
/* End XCBuildConfiguration section */

/* Begin XCConfigurationList section */
		9B23911C16CC2650001C49E5 /* Build configuration list for PBXProject "Farsounds" */ = {
			isa = XCConfigurationList;
			buildConfigurations = (
				9B23912816CC2650001C49E5 /* Debug */,
				9B23912916CC2650001C49E5 /* Release */,
			);
			defaultConfigurationIsVisible = 0;
			defaultConfigurationName = Release;
		};
		9B23912A16CC2650001C49E5 /* Build configuration list for PBXNativeTarget "Farsounds" */ = {
			isa = XCConfigurationList;
			buildConfigurations = (
				9B23912B16CC2650001C49E5 /* Debug */,
				9B23912C16CC2650001C49E5 /* Release */,
			);
			defaultConfigurationIsVisible = 0;
			defaultConfigurationName = Release;
		};
/* End XCConfigurationList section */
	};
	rootObject = 9B23911916CC2650001C49E5 /* Project object */;
}
